
Microsoft Visual Studio Solution File, Format Version 12.00
Project("{2150E333-8FDC-42A3-9474-1A3956D46DE8}") = "src", "src", "{6534938C-8C15-40CB-AAB0-AA9477DEFE94}"
EndProject
Project("{2150E333-8FDC-42A3-9474-1A3956D46DE8}") = "tests", "tests", "{66C695DC-5A03-4615-ACF7-BF02DB1C0FA1}"
EndProject
Project("{FAE04EC0-301F-11D3-BF4B-00C04F79EFBC}") = "Orm", "src\Orm\Orm.csproj", "{6F47B6C3-916B-44FF-89E0-12F5FE22793F}"
EndProject
Project("{FAE04EC0-301F-11D3-BF4B-00C04F79EFBC}") = "Orm.IntegrationTests", "tests\Orm.IntegrationTests\Orm.IntegrationTests.csproj", "{F576BD60-951E-499C-B073-0A72F09BC4D0}"
EndProject
Project("{FAE04EC0-301F-11D3-BF4B-00C04F79EFBC}") = "Stories", "tests\Stories\Stories.csproj", "{E90F4F1E-2D7C-4353-8277-1483BFC367A9}"
EndProject
Global
	GlobalSection(SolutionConfigurationPlatforms) = preSolution
		Debug|Any CPU = Debug|Any CPU
		Release|Any CPU = Release|Any CPU
	EndGlobalSection
	GlobalSection(NestedProjects) = preSolution
		{6F47B6C3-916B-44FF-89E0-12F5FE22793F} = {6534938C-8C15-40CB-AAB0-AA9477DEFE94}
		{F576BD60-951E-499C-B073-0A72F09BC4D0} = {66C695DC-5A03-4615-ACF7-BF02DB1C0FA1}
		{E90F4F1E-2D7C-4353-8277-1483BFC367A9} = {66C695DC-5A03-4615-ACF7-BF02DB1C0FA1}
	EndGlobalSection
	GlobalSection(ProjectConfigurationPlatforms) = postSolution
		{6F47B6C3-916B-44FF-89E0-12F5FE22793F}.Debug|Any CPU.ActiveCfg = Debug|Any CPU
		{6F47B6C3-916B-44FF-89E0-12F5FE22793F}.Debug|Any CPU.Build.0 = Debug|Any CPU
		{6F47B6C3-916B-44FF-89E0-12F5FE22793F}.Release|Any CPU.ActiveCfg = Release|Any CPU
		{6F47B6C3-916B-44FF-89E0-12F5FE22793F}.Release|Any CPU.Build.0 = Release|Any CPU
		{F576BD60-951E-499C-B073-0A72F09BC4D0}.Debug|Any CPU.ActiveCfg = Debug|Any CPU
		{F576BD60-951E-499C-B073-0A72F09BC4D0}.Debug|Any CPU.Build.0 = Debug|Any CPU
		{F576BD60-951E-499C-B073-0A72F09BC4D0}.Release|Any CPU.ActiveCfg = Release|Any CPU
		{F576BD60-951E-499C-B073-0A72F09BC4D0}.Release|Any CPU.Build.0 = Release|Any CPU
		{E90F4F1E-2D7C-4353-8277-1483BFC367A9}.Debug|Any CPU.ActiveCfg = Debug|Any CPU
		{E90F4F1E-2D7C-4353-8277-1483BFC367A9}.Debug|Any CPU.Build.0 = Debug|Any CPU
		{E90F4F1E-2D7C-4353-8277-1483BFC367A9}.Release|Any CPU.ActiveCfg = Release|Any CPU
		{E90F4F1E-2D7C-4353-8277-1483BFC367A9}.Release|Any CPU.Build.0 = Release|Any CPU
	EndGlobalSection
EndGlobal
